PODS:
  - UIKitExtensions (0.9.0):
    - UIKitExtensions/Core (= 0.9.0)
  - UIKitExtensions/Core (0.9.0)

DEPENDENCIES:
  - UIKitExtensions (from `../`)

EXTERNAL SOURCES:
  UIKitExtensions:
    :path: "../"

SPEC CHECKSUMS:
  UIKitExtensions: 675491b5442d12dead24eaa02cffc99fd4cc6cdc

PODFILE CHECKSUM: f5ac2579a79b49f44f573c44eedf0ed5862ee017

COCOAPODS: 1.5.3
