PODS:
  - UIKitExtensions/UIColor (0.3.0)

DEPENDENCIES:
  - UIKitExtensions/UIColor (from `../`)

EXTERNAL SOURCES:
  UIKitExtensions:
    :path: "../"

SPEC CHECKSUMS:
  UIKitExtensions: b80528a26cc0978686fa05a6dbf760ebc7be794b

PODFILE CHECKSUM: 8b39ee3b0420b7a9526fdb3bf0eee6c612330acf

COCOAPODS: 1.5.3
