PODS:
  - UIKitExtensions (0.6.0):
    - UIKitExtensions/Core (= 0.6.0)
  - UIKitExtensions/Core (0.6.0)

DEPENDENCIES:
  - UIKitExtensions (from `../`)

EXTERNAL SOURCES:
  UIKitExtensions:
    :path: "../"

SPEC CHECKSUMS:
  UIKitExtensions: a7cde955f3150862ad1b8b6ecf9b676898185d4c

PODFILE CHECKSUM: d912dfb7eb57d3c8d53ed4c8b820d9a269ecf6c9

COCOAPODS: 1.5.3
